
Microsoft Visual Studio Solution File, Format Version 12.00
# Visual Studio Version 17
VisualStudioVersion = 17.14.36408.4
MinimumVisualStudioVersion = 10.0.40219.1
Project("{FAE04EC0-301F-11D3-BF4B-00C04F79EFBC}") = "cinemaSite", "cinemaSite\cinemaSite.csproj", "{B90FAC8A-A9C8-4396-AD12-0C612271E857}"
EndProject
Global
	GlobalSection(SolutionConfigurationPlatforms) = preSolution
		Debug|Any CPU = Debug|Any CPU
		Release|Any CPU = Release|Any CPU
	EndGlobalSection
	GlobalSection(ProjectConfigurationPlatforms) = postSolution
		{B90FAC8A-A9C8-4396-AD12-0C612271E857}.Debug|Any CPU.ActiveCfg = Debug|Any CPU
		{B90FAC8A-A9C8-4396-AD12-0C612271E857}.Debug|Any CPU.Build.0 = Debug|Any CPU
		{B90FAC8A-A9C8-4396-AD12-0C612271E857}.Release|Any CPU.ActiveCfg = Release|Any CPU
		{B90FAC8A-A9C8-4396-AD12-0C612271E857}.Release|Any CPU.Build.0 = Release|Any CPU
	EndGlobalSection
	GlobalSection(SolutionProperties) = preSolution
		HideSolutionNode = FALSE
	EndGlobalSection
	GlobalSection(ExtensibilityGlobals) = postSolution
		SolutionGuid = {EBD80BB5-4961-471C-B477-8D3AD5F4535F}
	EndGlobalSection
EndGlobal
